
Microsoft Visual Studio Solution File, Format Version 12.00
# Visual Studio Version 17
VisualStudioVersion = 17.8.34511.84
MinimumVisualStudioVersion = 10.0.40219.1
Project("{FAE04EC0-301F-11D3-BF4B-00C04F79EFBC}") = "Shepard-Hawj-CPT-206-A01S-Lab-2", "Shepard-Hawj-CPT-206-A01S-Lab-2.csproj", "{D0C8F6EB-6CAB-42EC-BCEC-6B9EE73CB53A}"
EndProject
Global
	GlobalSection(SolutionConfigurationPlatforms) = preSolution
		Debug|Any CPU = Debug|Any CPU
		Release|Any CPU = Release|Any CPU
	EndGlobalSection
	GlobalSection(ProjectConfigurationPlatforms) = postSolution
		{D0C8F6EB-6CAB-42EC-BCEC-6B9EE73CB53A}.Debug|Any CPU.ActiveCfg = Debug|Any CPU
		{D0C8F6EB-6CAB-42EC-BCEC-6B9EE73CB53A}.Debug|Any CPU.Build.0 = Debug|Any CPU
		{D0C8F6EB-6CAB-42EC-BCEC-6B9EE73CB53A}.Release|Any CPU.ActiveCfg = Release|Any CPU
		{D0C8F6EB-6CAB-42EC-BCEC-6B9EE73CB53A}.Release|Any CPU.Build.0 = Release|Any CPU
	EndGlobalSection
	GlobalSection(SolutionProperties) = preSolution
		HideSolutionNode = FALSE
	EndGlobalSection
	GlobalSection(ExtensibilityGlobals) = postSolution
		SolutionGuid = {391FBD78-750B-45F4-B2E5-EB0438ED0283}
	EndGlobalSection
EndGlobal
